// !$*UTF8*$!
{
	archiveVersion = 1;
	classes = {
	};
	objectVersion = 56;
	objects = {

/* Begin PBXBuildFile section */
		F3D8C83B2A66026C008C10BD /* WeekLabApp.swift in Sources */ = {isa = PBXBuildFile; fileRef = F3D8C83A2A66026C008C10BD /* WeekLabApp.swift */; };
		F3D8C83D2A66026C008C10BD /* ContentView.swift in Sources */ = {isa = PBXBuildFile; fileRef = F3D8C83C2A66026C008C10BD /* ContentView.swift */; };
		F3D8C83F2A66026F008C10BD /* Assets.xcassets in Resources */ = {isa = PBXBuildFile; fileRef = F3D8C83E2A66026F008C10BD /* Assets.xcassets */; };
		F3D8C8422A66026F008C10BD /* Preview Assets.xcassets in Resources */ = {isa = PBXBuildFile; fileRef = F3D8C8412A66026F008C10BD /* Preview Assets.xcassets */; };
		F3D8C84B2A6603E0008C10BD /* Disket-Mono-Bold.ttf in Resources */ = {isa = PBXBuildFile; fileRef = F3D8C8492A6603E0008C10BD /* Disket-Mono-Bold.ttf */; };
		F3D8C84C2A6603E0008C10BD /* Disket-Mono-Regular.ttf in Resources */ = {isa = PBXBuildFile; fileRef = F3D8C84A2A6603E0008C10BD /* Disket-Mono-Regular.ttf */; };
		F3D8C8542A660506008C10BD /* WeekDayFront.swift in Sources */ = {isa = PBXBuildFile; fileRef = F3D8C8502A660506008C10BD /* WeekDayFront.swift */; };
		F3D8C8552A660506008C10BD /* CommonBackground.swift in Sources */ = {isa = PBXBuildFile; fileRef = F3D8C8512A660506008C10BD /* CommonBackground.swift */; };
		F3D8C8562A660506008C10BD /* WeekDay.swift in Sources */ = {isa = PBXBuildFile; fileRef = F3D8C8522A660506008C10BD /* WeekDay.swift */; };
		F3D8C8572A660506008C10BD /* WeekDayBack.swift in Sources */ = {isa = PBXBuildFile; fileRef = F3D8C8532A660506008C10BD /* WeekDayBack.swift */; };
		F3D8C85A2A660F92008C10BD /* CardEnum.swift in Sources */ = {isa = PBXBuildFile; fileRef = F3D8C8592A660F92008C10BD /* CardEnum.swift */; };
/* End PBXBuildFile section */

/* Begin PBXFileReference section */
		F3D8C8372A66026C008C10BD /* WeekLab.app */ = {isa = PBXFileReference; explicitFileType = wrapper.application; includeInIndex = 0; path = WeekLab.app; sourceTree = BUILT_PRODUCTS_DIR; };
		F3D8C83A2A66026C008C10BD /* WeekLabApp.swift */ = {isa = PBXFileReference; lastKnownFileType = sourcecode.swift; path = WeekLabApp.swift; sourceTree = "<group>"; };
		F3D8C83C2A66026C008C10BD /* ContentView.swift */ = {isa = PBXFileReference; lastKnownFileType = sourcecode.swift; path = ContentView.swift; sourceTree = "<group>"; };
		F3D8C83E2A66026F008C10BD /* Assets.xcassets */ = {isa = PBXFileReference; lastKnownFileType = folder.assetcatalog; path = Assets.xcassets; sourceTree = "<group>"; };
		F3D8C8412A66026F008C10BD /* Preview Assets.xcassets */ = {isa = PBXFileReference; lastKnownFileType = folder.assetcatalog; path = "Preview Assets.xcassets"; sourceTree = "<group>"; };
		F3D8C8492A6603E0008C10BD /* Disket-Mono-Bold.ttf */ = {isa = PBXFileReference; lastKnownFileType = file; path = "Disket-Mono-Bold.ttf"; sourceTree = "<group>"; };
		F3D8C84A2A6603E0008C10BD /* Disket-Mono-Regular.ttf */ = {isa = PBXFileReference; lastKnownFileType = file; path = "Disket-Mono-Regular.ttf"; sourceTree = "<group>"; };
		F3D8C84D2A660401008C10BD /* Info.plist */ = {isa = PBXFileReference; lastKnownFileType = text.plist; path = Info.plist; sourceTree = "<group>"; };
		F3D8C8502A660506008C10BD /* WeekDayFront.swift */ = {isa = PBXFileReference; fileEncoding = 4; lastKnownFileType = sourcecode.swift; path = WeekDayFront.swift; sourceTree = "<group>"; };
		F3D8C8512A660506008C10BD /* CommonBackground.swift */ = {isa = PBXFileReference; fileEncoding = 4; lastKnownFileType = sourcecode.swift; path = CommonBackground.swift; sourceTree = "<group>"; };
		F3D8C8522A660506008C10BD /* WeekDay.swift */ = {isa = PBXFileReference; fileEncoding = 4; lastKnownFileType = sourcecode.swift; path = WeekDay.swift; sourceTree = "<group>"; };
		F3D8C8532A660506008C10BD /* WeekDayBack.swift */ = {isa = PBXFileReference; fileEncoding = 4; lastKnownFileType = sourcecode.swift; path = WeekDayBack.swift; sourceTree = "<group>"; };
		F3D8C8592A660F92008C10BD /* CardEnum.swift */ = {isa = PBXFileReference; lastKnownFileType = sourcecode.swift; path = CardEnum.swift; sourceTree = "<group>"; };
/* End PBXFileReference section */

/* Begin PBXFrameworksBuildPhase section */
		F3D8C8342A66026C008C10BD /* Frameworks */ = {
			isa = PBXFrameworksBuildPhase;
			buildActionMask = 2147483647;
			files = (
			);
			runOnlyForDeploymentPostprocessing = 0;
		};
/* End PBXFrameworksBuildPhase section */

/* Begin PBXGroup section */
		F3D8C82E2A66026C008C10BD = {
			isa = PBXGroup;
			children = (
				F3D8C8392A66026C008C10BD /* WeekLab */,
				F3D8C8382A66026C008C10BD /* Products */,
			);
			sourceTree = "<group>";
		};
		F3D8C8382A66026C008C10BD /* Products */ = {
			isa = PBXGroup;
			children = (
				F3D8C8372A66026C008C10BD /* WeekLab.app */,
			);
			name = Products;
			sourceTree = "<group>";
		};
		F3D8C8392A66026C008C10BD /* WeekLab */ = {
			isa = PBXGroup;
			children = (
				F3D8C84D2A660401008C10BD /* Info.plist */,
				F3D8C83A2A66026C008C10BD /* WeekLabApp.swift */,
				F3D8C83E2A66026F008C10BD /* Assets.xcassets */,
				F3D8C8582A660F72008C10BD /* Models */,
				F3D8C84E2A6604AC008C10BD /* Views */,
				F3D8C8482A6603C6008C10BD /* Resources */,
				F3D8C8402A66026F008C10BD /* Preview Content */,
			);
			path = WeekLab;
			sourceTree = "<group>";
		};
		F3D8C8402A66026F008C10BD /* Preview Content */ = {
			isa = PBXGroup;
			children = (
				F3D8C8412A66026F008C10BD /* Preview Assets.xcassets */,
			);
			path = "Preview Content";
			sourceTree = "<group>";
		};
		F3D8C8482A6603C6008C10BD /* Resources */ = {
			isa = PBXGroup;
			children = (
				F3D8C8492A6603E0008C10BD /* Disket-Mono-Bold.ttf */,
				F3D8C84A2A6603E0008C10BD /* Disket-Mono-Regular.ttf */,
			);
			path = Resources;
			sourceTree = "<group>";
		};
		F3D8C84E2A6604AC008C10BD /* Views */ = {
			isa = PBXGroup;
			children = (
				F3D8C83C2A66026C008C10BD /* ContentView.swift */,
				F3D8C84F2A6604EB008C10BD /* Components */,
			);
			path = Views;
			sourceTree = "<group>";
		};
		F3D8C84F2A6604EB008C10BD /* Components */ = {
			isa = PBXGroup;
			children = (
				F3D8C8512A660506008C10BD /* CommonBackground.swift */,
				F3D8C8522A660506008C10BD /* WeekDay.swift */,
				F3D8C8532A660506008C10BD /* WeekDayBack.swift */,
				F3D8C8502A660506008C10BD /* WeekDayFront.swift */,
			);
			path = Components;
			sourceTree = "<group>";
		};
		F3D8C8582A660F72008C10BD /* Models */ = {
			isa = PBXGroup;
			children = (
				F3D8C8592A660F92008C10BD /* CardEnum.swift */,
			);
			path = Models;
			sourceTree = "<group>";
		};
/* End PBXGroup section */

/* Begin PBXNativeTarget section */
		F3D8C8362A66026C008C10BD /* WeekLab */ = {
			isa = PBXNativeTarget;
			buildConfigurationList = F3D8C8452A66026F008C10BD /* Build configuration list for PBXNativeTarget "WeekLab" */;
			buildPhases = (
				F3D8C8332A66026C008C10BD /* Sources */,
				F3D8C8342A66026C008C10BD /* Frameworks */,
				F3D8C8352A66026C008C10BD /* Resources */,
			);
			buildRules = (
			);
			dependencies = (
			);
			name = WeekLab;
			productName = WeekLab;
			productReference = F3D8C8372A66026C008C10BD /* WeekLab.app */;
			productType = "com.apple.product-type.application";
		};
/* End PBXNativeTarget section */

/* Begin PBXProject section */
		F3D8C82F2A66026C008C10BD /* Project object */ = {
			isa = PBXProject;
			attributes = {
				BuildIndependentTargetsInParallel = 1;
				LastSwiftUpdateCheck = 1430;
				LastUpgradeCheck = 1430;
				TargetAttributes = {
					F3D8C8362A66026C008C10BD = {
						CreatedOnToolsVersion = 14.3.1;
					};
				};
			};
			buildConfigurationList = F3D8C8322A66026C008C10BD /* Build configuration list for PBXProject "WeekLab" */;
			compatibilityVersion = "Xcode 14.0";
			developmentRegion = en;
			hasScannedForEncodings = 0;
			knownRegions = (
				en,
				Base,
			);
			mainGroup = F3D8C82E2A66026C008C10BD;
			productRefGroup = F3D8C8382A66026C008C10BD /* Products */;
			projectDirPath = "";
			projectRoot = "";
			targets = (
				F3D8C8362A66026C008C10BD /* WeekLab */,
			);
		};
/* End PBXProject section */

/* Begin PBXResourcesBuildPhase section */
		F3D8C8352A66026C008C10BD /* Resources */ = {
			isa = PBXResourcesBuildPhase;
			buildActionMask = 2147483647;
			files = (
				F3D8C84C2A6603E0008C10BD /* Disket-Mono-Regular.ttf in Resources */,
				F3D8C84B2A6603E0008C10BD /* Disket-Mono-Bold.ttf in Resources */,
				F3D8C8422A66026F008C10BD /* Preview Assets.xcassets in Resources */,
				F3D8C83F2A66026F008C10BD /* Assets.xcassets in Resources */,
			);
			runOnlyForDeploymentPostprocessing = 0;
		};
/* End PBXResourcesBuildPhase section */

/* Begin PBXSourcesBuildPhase section */
		F3D8C8332A66026C008C10BD /* Sources */ = {
			isa = PBXSourcesBuildPhase;
			buildActionMask = 2147483647;
			files = (
				F3D8C83D2A66026C008C10BD /* ContentView.swift in Sources */,
				F3D8C85A2A660F92008C10BD /* CardEnum.swift in Sources */,
				F3D8C83B2A66026C008C10BD /* WeekLabApp.swift in Sources */,
				F3D8C8562A660506008C10BD /* WeekDay.swift in Sources */,
				F3D8C8552A660506008C10BD /* CommonBackground.swift in Sources */,
				F3D8C8542A660506008C10BD /* WeekDayFront.swift in Sources */,
				F3D8C8572A660506008C10BD /* WeekDayBack.swift in Sources */,
			);
			runOnlyForDeploymentPostprocessing = 0;
		};
/* End PBXSourcesBuildPhase section */

/* Begin XCBuildConfiguration section */
		F3D8C8432A66026F008C10BD /* Debug */ = {
			isa = XCBuildConfiguration;
			buildSettings = {
				ALWAYS_SEARCH_USER_PATHS = NO;
				CLANG_ANALYZER_NONNULL = YES;
				CLANG_ANALYZER_NUMBER_OBJECT_CONVERSION = YES_AGGRESSIVE;
				CLANG_CXX_LANGUAGE_STANDARD = "gnu++20";
				CLANG_ENABLE_MODULES = YES;
				CLANG_ENABLE_OBJC_ARC = YES;
				CLANG_ENABLE_OBJC_WEAK = YES;
				CLANG_WARN_BLOCK_CAPTURE_AUTORELEASING = YES;
				CLANG_WARN_BOOL_CONVERSION = YES;
				CLANG_WARN_COMMA = YES;
				CLANG_WARN_CONSTANT_CONVERSION = YES;
				CLANG_WARN_DEPRECATED_OBJC_IMPLEMENTATIONS = YES;
				CLANG_WARN_DIRECT_OBJC_ISA_USAGE = YES_ERROR;
				CLANG_WARN_DOCUMENTATION_COMMENTS = YES;
				CLANG_WARN_EMPTY_BODY = YES;
				CLANG_WARN_ENUM_CONVERSION = YES;
				CLANG_WARN_INFINITE_RECURSION = YES;
				CLANG_WARN_INT_CONVERSION = YES;
				CLANG_WARN_NON_LITERAL_NULL_CONVERSION = YES;
				CLANG_WARN_OBJC_IMPLICIT_RETAIN_SELF = YES;
				CLANG_WARN_OBJC_LITERAL_CONVERSION = YES;
				CLANG_WARN_OBJC_ROOT_CLASS = YES_ERROR;
				CLANG_WARN_QUOTED_INCLUDE_IN_FRAMEWORK_HEADER = YES;
				CLANG_WARN_RANGE_LOOP_ANALYSIS = YES;
				CLANG_WARN_STRICT_PROTOTYPES = YES;
				CLANG_WARN_SUSPICIOUS_MOVE = YES;
				CLANG_WARN_UNGUARDED_AVAILABILITY = YES_AGGRESSIVE;
				CLANG_WARN_UNREACHABLE_CODE = YES;
				CLANG_WARN__DUPLICATE_METHOD_MATCH = YES;
				COPY_PHASE_STRIP = NO;
				DEBUG_INFORMATION_FORMAT = dwarf;
				ENABLE_STRICT_OBJC_MSGSEND = YES;
				ENABLE_TESTABILITY = YES;
				GCC_C_LANGUAGE_STANDARD = gnu11;
				GCC_DYNAMIC_NO_PIC = NO;
				GCC_NO_COMMON_BLOCKS = YES;
				GCC_OPTIMIZATION_LEVEL = 0;
				GCC_PREPROCESSOR_DEFINITIONS = (
					"DEBUG=1",
					"$(inherited)",
				);
				GCC_WARN_64_TO_32_BIT_CONVERSION = YES;
				GCC_WARN_ABOUT_RETURN_TYPE = YES_ERROR;
				GCC_WARN_UNDECLARED_SELECTOR = YES;
				GCC_WARN_UNINITIALIZED_AUTOS = YES_AGGRESSIVE;
				GCC_WARN_UNUSED_FUNCTION = YES;
				GCC_WARN_UNUSED_VARIABLE = YES;
				IPHONEOS_DEPLOYMENT_TARGET = 16.4;
				MTL_ENABLE_DEBUG_INFO = INCLUDE_SOURCE;
				MTL_FAST_MATH = YES;
				ONLY_ACTIVE_ARCH = YES;
				SDKROOT = iphoneos;
				SWIFT_ACTIVE_COMPILATION_CONDITIONS = DEBUG;
				SWIFT_OPTIMIZATION_LEVEL = "-Onone";
			};
			name = Debug;
		};
		F3D8C8442A66026F008C10BD /* Release */ = {
			isa = XCBuildConfiguration;
			buildSettings = {
				ALWAYS_SEARCH_USER_PATHS = NO;
				CLANG_ANALYZER_NONNULL = YES;
				CLANG_ANALYZER_NUMBER_OBJECT_CONVERSION = YES_AGGRESSIVE;
				CLANG_CXX_LANGUAGE_STANDARD = "gnu++20";
				CLANG_ENABLE_MODULES = YES;
				CLANG_ENABLE_OBJC_ARC = YES;
				CLANG_ENABLE_OBJC_WEAK = YES;
				CLANG_WARN_BLOCK_CAPTURE_AUTORELEASING = YES;
				CLANG_WARN_BOOL_CONVERSION = YES;
				CLANG_WARN_COMMA = YES;
				CLANG_WARN_CONSTANT_CONVERSION = YES;
				CLANG_WARN_DEPRECATED_OBJC_IMPLEMENTATIONS = YES;
				CLANG_WARN_DIRECT_OBJC_ISA_USAGE = YES_ERROR;
				CLANG_WARN_DOCUMENTATION_COMMENTS = YES;
				CLANG_WARN_EMPTY_BODY = YES;
				CLANG_WARN_ENUM_CONVERSION = YES;
				CLANG_WARN_INFINITE_RECURSION = YES;
				CLANG_WARN_INT_CONVERSION = YES;
				CLANG_WARN_NON_LITERAL_NULL_CONVERSION = YES;
				CLANG_WARN_OBJC_IMPLICIT_RETAIN_SELF = YES;
				CLANG_WARN_OBJC_LITERAL_CONVERSION = YES;
				CLANG_WARN_OBJC_ROOT_CLASS = YES_ERROR;
				CLANG_WARN_QUOTED_INCLUDE_IN_FRAMEWORK_HEADER = YES;
				CLANG_WARN_RANGE_LOOP_ANALYSIS = YES;
				CLANG_WARN_STRICT_PROTOTYPES = YES;
				CLANG_WARN_SUSPICIOUS_MOVE = YES;
				CLANG_WARN_UNGUARDED_AVAILABILITY = YES_AGGRESSIVE;
				CLANG_WARN_UNREACHABLE_CODE = YES;
				CLANG_WARN__DUPLICATE_METHOD_MATCH = YES;
				COPY_PHASE_STRIP = NO;
				DEBUG_INFORMATION_FORMAT = "dwarf-with-dsym";
				ENABLE_NS_ASSERTIONS = NO;
				ENABLE_STRICT_OBJC_MSGSEND = YES;
				GCC_C_LANGUAGE_STANDARD = gnu11;
				GCC_NO_COMMON_BLOCKS = YES;
				GCC_WARN_64_TO_32_BIT_CONVERSION = YES;
				GCC_WARN_ABOUT_RETURN_TYPE = YES_ERROR;
				GCC_WARN_UNDECLARED_SELECTOR = YES;
				GCC_WARN_UNINITIALIZED_AUTOS = YES_AGGRESSIVE;
				GCC_WARN_UNUSED_FUNCTION = YES;
				GCC_WARN_UNUSED_VARIABLE = YES;
				IPHONEOS_DEPLOYMENT_TARGET = 16.4;
				MTL_ENABLE_DEBUG_INFO = NO;
				MTL_FAST_MATH = YES;
				SDKROOT = iphoneos;
				SWIFT_COMPILATION_MODE = wholemodule;
				SWIFT_OPTIMIZATION_LEVEL = "-O";
				VALIDATE_PRODUCT = YES;
			};
			name = Release;
		};
		F3D8C8462A66026F008C10BD /* Debug */ = {
			isa = XCBuildConfiguration;
			buildSettings = {
				ASSETCATALOG_COMPILER_APPICON_NAME = AppIcon;
				ASSETCATALOG_COMPILER_GLOBAL_ACCENT_COLOR_NAME = AccentColor;
				CODE_SIGN_STYLE = Automatic;
				CURRENT_PROJECT_VERSION = 1;
				DEVELOPMENT_ASSET_PATHS = "\"WeekLab/Preview Content\"";
				DEVELOPMENT_TEAM = HGNSVP6649;
				ENABLE_PREVIEWS = YES;
				GENERATE_INFOPLIST_FILE = YES;
				INFOPLIST_FILE = WeekLab/Info.plist;
				INFOPLIST_KEY_UIApplicationSceneManifest_Generation = YES;
				INFOPLIST_KEY_UIApplicationSupportsIndirectInputEvents = YES;
				INFOPLIST_KEY_UILaunchScreen_Generation = YES;
				INFOPLIST_KEY_UISupportedInterfaceOrientations_iPad = "UIInterfaceOrientationPortrait UIInterfaceOrientationPortraitUpsideDown UIInterfaceOrientationLandscapeLeft UIInterfaceOrientationLandscapeRight";
				INFOPLIST_KEY_UISupportedInterfaceOrientations_iPhone = "UIInterfaceOrientationPortrait UIInterfaceOrientationLandscapeLeft UIInterfaceOrientationLandscapeRight";
				LD_RUNPATH_SEARCH_PATHS = (
					"$(inherited)",
					"@executable_path/Frameworks",
				);
				MARKETING_VERSION = 1.0;
				PRODUCT_BUNDLE_IDENTIFIER = Nikon.WeekLab;
				PRODUCT_NAME = "$(TARGET_NAME)";
				SWIFT_EMIT_LOC_STRINGS = YES;
				SWIFT_VERSION = 5.0;
				TARGETED_DEVICE_FAMILY = "1,2";
			};
			name = Debug;
		};
		F3D8C8472A66026F008C10BD /* Release */ = {
			isa = XCBuildConfiguration;
			buildSettings = {
				ASSETCATALOG_COMPILER_APPICON_NAME = AppIcon;
				ASSETCATALOG_COMPILER_GLOBAL_ACCENT_COLOR_NAME = AccentColor;
				CODE_SIGN_STYLE = Automatic;
				CURRENT_PROJECT_VERSION = 1;
				DEVELOPMENT_ASSET_PATHS = "\"WeekLab/Preview Content\"";
				DEVELOPMENT_TEAM = HGNSVP6649;
				ENABLE_PREVIEWS = YES;
				GENERATE_INFOPLIST_FILE = YES;
				INFOPLIST_FILE = WeekLab/Info.plist;
				INFOPLIST_KEY_UIApplicationSceneManifest_Generation = YES;
				INFOPLIST_KEY_UIApplicationSupportsIndirectInputEvents = YES;
				INFOPLIST_KEY_UILaunchScreen_Generation = YES;
				INFOPLIST_KEY_UISupportedInterfaceOrientations_iPad = "UIInterfaceOrientationPortrait UIInterfaceOrientationPortraitUpsideDown UIInterfaceOrientationLandscapeLeft UIInterfaceOrientationLandscapeRight";
				INFOPLIST_KEY_UISupportedInterfaceOrientations_iPhone = "UIInterfaceOrientationPortrait UIInterfaceOrientationLandscapeLeft UIInterfaceOrientationLandscapeRight";
				LD_RUNPATH_SEARCH_PATHS = (
					"$(inherited)",
					"@executable_path/Frameworks",
				);
				MARKETING_VERSION = 1.0;
				PRODUCT_BUNDLE_IDENTIFIER = Nikon.WeekLab;
				PRODUCT_NAME = "$(TARGET_NAME)";
				SWIFT_EMIT_LOC_STRINGS = YES;
				SWIFT_VERSION = 5.0;
				TARGETED_DEVICE_FAMILY = "1,2";
			};
			name = Release;
		};
/* End XCBuildConfiguration section */

/* Begin XCConfigurationList section */
		F3D8C8322A66026C008C10BD /* Build configuration list for PBXProject "WeekLab" */ = {
			isa = XCConfigurationList;
			buildConfigurations = (
				F3D8C8432A66026F008C10BD /* Debug */,
				F3D8C8442A66026F008C10BD /* Release */,
			);
			defaultConfigurationIsVisible = 0;
			defaultConfigurationName = Release;
		};
		F3D8C8452A66026F008C10BD /* Build configuration list for PBXNativeTarget "WeekLab" */ = {
			isa = XCConfigurationList;
			buildConfigurations = (
				F3D8C8462A66026F008C10BD /* Debug */,
				F3D8C8472A66026F008C10BD /* Release */,
			);
			defaultConfigurationIsVisible = 0;
			defaultConfigurationName = Release;
		};
/* End XCConfigurationList section */
	};
	rootObject = F3D8C82F2A66026C008C10BD /* Project object */;
}
